{
  "name": "distillerx",
  "version": "1.0.4",
  "lockfileVersion": 1,
  "requires": true,
  "dependencies": {
    "@angular/core": {
      "version": "4.4.0-RC.0",
      "resolved": "https://registry.npmjs.org/@angular/core/-/core-4.4.0-RC.0.tgz",
      "integrity": "sha1-bxsF1Y2+guLNMpzT3AZm82xgw48=",
      "requires": {
        "tslib": "1.7.1"
      }
    },
    "@angular/http": {
      "version": "4.4.0-RC.0",
      "resolved": "https://registry.npmjs.org/@angular/http/-/http-4.4.0-RC.0.tgz",
      "integrity": "sha1-a6qUX6OhgqbOgqFRr2X8FIn14bE=",
      "requires": {
        "tslib": "1.7.1"
      }
    },
    "@ngrx/store": {
      "version": "4.0.3",
      "resolved": "https://registry.npmjs.org/@ngrx/store/-/store-4.0.3.tgz",
      "integrity": "sha1-Nqus36Gb+4UG5A3oC64GBQoeFek="
    },
    "@types/lodash": {
      "version": "4.14.74",
      "resolved": "https://registry.npmjs.org/@types/lodash/-/lodash-4.14.74.tgz",
      "integrity": "sha512-BZknw3E/z3JmCLqQVANcR17okqVTPZdlxvcIz0fJiJVLUCbSH1hK3zs9r634PVSmrzAxN+n/fxlVRiYoArdOIQ==",
      "dev": true
    },
    "@types/node": {
      "version": "8.0.28",
      "resolved": "https://registry.npmjs.org/@types/node/-/node-8.0.28.tgz",
      "integrity": "sha512-HupkFXEv3O3KSzcr3Ylfajg0kaerBg1DyaZzRBBQfrU3NN1mTBRE7sCveqHwXLS5Yrjvww8qFzkzYQQakG9FuQ==",
      "dev": true
    },
    "@types/uuid": {
      "version": "3.4.2",
      "resolved": "https://registry.npmjs.org/@types/uuid/-/uuid-3.4.2.tgz",
      "integrity": "sha512-fXrYo81BZgbz6KhHU3+dNUSdca35FwbfTMQvSnIIX6qOCsymSmFAjPDSfr4Q/Pt9abjt04kBi4+7FinVPdyEpg==",
      "dev": true,
      "requires": {
        "@types/node": "8.0.28"
      }
    },
    "combine-reducers": {
      "version": "1.0.0",
      "resolved": "https://registry.npmjs.org/combine-reducers/-/combine-reducers-1.0.0.tgz",
      "integrity": "sha1-fdbO9CdX0uE7+2HIVg2EbdfqFps="
    },
    "lodash": {
      "version": "4.17.4",
      "resolved": "https://registry.npmjs.org/lodash/-/lodash-4.17.4.tgz",
      "integrity": "sha1-eCA6TRwyiuHYbcpkYONptX9AVa4="
    },
    "reselect": {
      "version": "3.0.1",
      "resolved": "https://registry.npmjs.org/reselect/-/reselect-3.0.1.tgz",
      "integrity": "sha1-79qpjqdFEyTQkrKyFjpqHXqaIUc="
    },
    "rxjs": {
      "version": "5.4.3",
      "resolved": "https://registry.npmjs.org/rxjs/-/rxjs-5.4.3.tgz",
      "integrity": "sha512-fSNi+y+P9ss+EZuV0GcIIqPUK07DEaMRUtLJvdcvMyFjc9dizuDjere+A4V7JrLGnm9iCc+nagV/4QdMTkqC4A==",
      "requires": {
        "symbol-observable": "1.0.4"
      }
    },
    "symbol-observable": {
      "version": "1.0.4",
      "resolved": "https://registry.npmjs.org/symbol-observable/-/symbol-observable-1.0.4.tgz",
      "integrity": "sha1-Kb9hXUqnEhvdiYsi1LP5vE4qoD0="
    },
    "tslib": {
      "version": "1.7.1",
      "resolved": "https://registry.npmjs.org/tslib/-/tslib-1.7.1.tgz",
      "integrity": "sha1-vIAEFkaRkjp5/oN4u+s9ogF1OOw="
    },
    "typescript": {
      "version": "2.5.2",
      "resolved": "https://registry.npmjs.org/typescript/-/typescript-2.5.2.tgz",
      "integrity": "sha1-A4qV99m7tCCxvzW6MdTFwd0//jQ=",
      "dev": true
    },
    "url-template": {
      "version": "2.0.8",
      "resolved": "https://registry.npmjs.org/url-template/-/url-template-2.0.8.tgz",
      "integrity": "sha1-/FZaPMy/93MMd19WQflVV5FDnyE="
    },
    "uuid": {
      "version": "3.1.0",
      "resolved": "https://registry.npmjs.org/uuid/-/uuid-3.1.0.tgz",
      "integrity": "sha512-DIWtzUkw04M4k3bf1IcpS2tngXEL26YUD2M0tMDUpnUrz2hgzUBlD55a4FjdLGPvfHxS6uluGWvaVEqgBcVa+g=="
    }
  }
}
